# This file is automatically @generated by Cargo.
# It is not intended for manual editing.
version = 4

[[package]]
name = "algebraics"
version = "0.3.0"
source = "git+https://salsa.debian.org/Kazan-team/algebraics#3cd0b180717a5d1947dcba9b96a7f590e43ba21b"
dependencies = [
 "lazy_static",
 "num-bigint",
 "num-integer",
 "num-rational",
 "num-traits",
 "rand",
 "rand_pcg",
]

[[package]]
name = "approx"
version = "0.5.1"
source = "registry+https://github.com/rust-lang/crates.io-index"
checksum = "cab112f0a86d568ea0e627cc1d6be74a1e9cd55214684db5561995f6dad897c6"
dependencies = [
 "num-traits",
]

[[package]]
name = "autocfg"
version = "1.5.0"
source = "registry+https://github.com/rust-lang/crates.io-index"
checksum = "c08606f8c3cbf4ce6ec8e28fb0014a2c086708fe954eaa885384a6165172e7e8"

[[package]]
name = "bincode"
version = "2.0.1"
source = "registry+https://github.com/rust-lang/crates.io-index"
checksum = "36eaf5d7b090263e8150820482d5d93cd964a81e4019913c972f4edcc6edb740"
dependencies = [
 "serde",
 "unty",
]

[[package]]
name = "bytemuck"
version = "1.23.2"
source = "registry+https://github.com/rust-lang/crates.io-index"
checksum = "3995eaeebcdf32f91f980d360f78732ddc061097ab4e39991ae7a6ace9194677"

[[package]]
name = "cfg-if"
version = "1.0.3"
source = "registry+https://github.com/rust-lang/crates.io-index"
checksum = "2fd1289c04a9ea8cb22300a459a72a385d7c73d3259e2ed7dcb2af674838cfa9"

[[package]]
name = "dashu-base"
version = "0.4.1"
source = "registry+https://github.com/rust-lang/crates.io-index"
checksum = "c0b80bf6b85aa68c58ffea2ddb040109943049ce3fbdf4385d0380aef08ef289"

[[package]]
name = "dashu-float"
version = "0.4.3"
source = "registry+https://github.com/rust-lang/crates.io-index"
checksum = "85078445a8dbd2e1bd21f04a816f352db8d333643f0c9b78ca7c3d1df71063e7"
dependencies = [
 "dashu-base",
 "dashu-int",
 "num-modular",
 "num-order",
 "rustversion",
 "static_assertions",
]

[[package]]
name = "dashu-int"
version = "0.4.1"
source = "registry+https://github.com/rust-lang/crates.io-index"
checksum = "ee99d08031ca34a4d044efbbb21dff9b8c54bb9d8c82a189187c0651ffdb9fbf"
dependencies = [
 "cfg-if",
 "dashu-base",
 "num-modular",
 "num-order",
 "rustversion",
 "static_assertions",
]

[[package]]
name = "derive_more"
version = "2.0.1"
source = "registry+https://github.com/rust-lang/crates.io-index"
checksum = "093242cf7570c207c83073cf82f79706fe7b8317e98620a47d5be7c3d8497678"
dependencies = [
 "derive_more-impl",
]

[[package]]
name = "derive_more-impl"
version = "2.0.1"
source = "registry+https://github.com/rust-lang/crates.io-index"
checksum = "bda628edc44c4bb645fbe0f758797143e4e07926f7ebf4e9bdfbd3d2ce621df3"
dependencies = [
 "proc-macro2",
 "quote",
 "syn",
]

[[package]]
name = "either"
version = "1.15.0"
source = "registry+https://github.com/rust-lang/crates.io-index"
checksum = "48c757948c5ede0e46177b7add2e67155f70e33c07fea8284df6576da70b3719"

[[package]]
name = "equivalent"
version = "1.0.2"
source = "registry+https://github.com/rust-lang/crates.io-index"
checksum = "877a4ace8713b0bcf2a4e7eec82529c029f1d0619886d18145fea96c3ffe5c0f"

[[package]]
name = "exact_number"
version = "0.1.0"
dependencies = [
 "algebraics",
 "approx",
 "dashu-float",
 "dashu-int",
 "malachite",
 "nalgebra",
 "num",
 "peg",
 "simba",
]

[[package]]
name = "fixedbitset"
version = "0.4.2"
source = "registry+https://github.com/rust-lang/crates.io-index"
checksum = "0ce7134b9999ecaf8bcd65542e436736ef32ddca1b3e06094cb6ec5755203b80"

[[package]]
name = "foldhash"
version = "0.1.5"
source = "registry+https://github.com/rust-lang/crates.io-index"
checksum = "d9c4f5dac5e15c24eb999c26181a6ca40b39fe946cbe4c263c7209467bc83af2"

[[package]]
name = "generic-array"
version = "1.3.5"
source = "registry+https://github.com/rust-lang/crates.io-index"
checksum = "eaf57c49a95fd1fe24b90b3033bee6dc7e8f1288d51494cb44e627c295e38542"
dependencies = [
 "rustversion",
 "typenum",
]

[[package]]
name = "getrandom"
version = "0.2.16"
source = "registry+https://github.com/rust-lang/crates.io-index"
checksum = "335ff9f135e4384c8150d6f27c6daed433577f86b4750418338c01a1a2528592"
dependencies = [
 "cfg-if",
 "libc",
 "wasi",
]

[[package]]
name = "getset"
version = "0.1.6"
source = "registry+https://github.com/rust-lang/crates.io-index"
checksum = "9cf0fc11e47561d47397154977bc219f4cf809b2974facc3ccb3b89e2436f912"
dependencies = [
 "proc-macro-error2",
 "proc-macro2",
 "quote",
 "syn",
]

[[package]]
name = "glam"
version = "0.14.0"
source = "registry+https://github.com/rust-lang/crates.io-index"
checksum = "333928d5eb103c5d4050533cec0384302db6be8ef7d3cebd30ec6a35350353da"

[[package]]
name = "glam"
version = "0.15.2"
source = "registry+https://github.com/rust-lang/crates.io-index"
checksum = "3abb554f8ee44336b72d522e0a7fe86a29e09f839a36022fa869a7dfe941a54b"

[[package]]
name = "glam"
version = "0.16.0"
source = "registry+https://github.com/rust-lang/crates.io-index"
checksum = "4126c0479ccf7e8664c36a2d719f5f2c140fbb4f9090008098d2c291fa5b3f16"

[[package]]
name = "glam"
version = "0.17.3"
source = "registry+https://github.com/rust-lang/crates.io-index"
checksum = "e01732b97afd8508eee3333a541b9f7610f454bb818669e66e90f5f57c93a776"

[[package]]
name = "glam"
version = "0.18.0"
source = "registry+https://github.com/rust-lang/crates.io-index"
checksum = "525a3e490ba77b8e326fb67d4b44b4bd2f920f44d4cc73ccec50adc68e3bee34"

[[package]]
name = "glam"
version = "0.19.0"
source = "registry+https://github.com/rust-lang/crates.io-index"
checksum = "2b8509e6791516e81c1a630d0bd7fbac36d2fa8712a9da8662e716b52d5051ca"

[[package]]
name = "glam"
version = "0.20.5"
source = "registry+https://github.com/rust-lang/crates.io-index"
checksum = "f43e957e744be03f5801a55472f593d43fabdebf25a4585db250f04d86b1675f"

[[package]]
name = "glam"
version = "0.21.3"
source = "registry+https://github.com/rust-lang/crates.io-index"
checksum = "518faa5064866338b013ff9b2350dc318e14cc4fcd6cb8206d7e7c9886c98815"

[[package]]
name = "glam"
version = "0.22.0"
source = "registry+https://github.com/rust-lang/crates.io-index"
checksum = "12f597d56c1bd55a811a1be189459e8fad2bbc272616375602443bdfb37fa774"

[[package]]
name = "glam"
version = "0.23.0"
source = "registry+https://github.com/rust-lang/crates.io-index"
checksum = "8e4afd9ad95555081e109fe1d21f2a30c691b5f0919c67dfa690a2e1eb6bd51c"

[[package]]
name = "glam"
version = "0.24.2"
source = "registry+https://github.com/rust-lang/crates.io-index"
checksum = "b5418c17512bdf42730f9032c74e1ae39afc408745ebb2acf72fbc4691c17945"

[[package]]
name = "glam"
version = "0.25.0"
source = "registry+https://github.com/rust-lang/crates.io-index"
checksum = "151665d9be52f9bb40fc7966565d39666f2d1e69233571b71b87791c7e0528b3"

[[package]]
name = "glam"
version = "0.27.0"
source = "registry+https://github.com/rust-lang/crates.io-index"
checksum = "9e05e7e6723e3455f4818c7b26e855439f7546cf617ef669d1adedb8669e5cb9"

[[package]]
name = "glam"
version = "0.28.0"
source = "registry+https://github.com/rust-lang/crates.io-index"
checksum = "779ae4bf7e8421cf91c0b3b64e7e8b40b862fba4d393f59150042de7c4965a94"

[[package]]
name = "glam"
version = "0.29.3"
source = "registry+https://github.com/rust-lang/crates.io-index"
checksum = "8babf46d4c1c9d92deac9f7be466f76dfc4482b6452fc5024b5e8daf6ffeb3ee"

[[package]]
name = "glam"
version = "0.30.8"
source = "registry+https://github.com/rust-lang/crates.io-index"
checksum = "e12d847aeb25f41be4c0ec9587d624e9cd631bc007a8fd7ce3f5851e064c6460"

[[package]]
name = "hashbrown"
version = "0.15.5"
source = "registry+https://github.com/rust-lang/crates.io-index"
checksum = "9229cfe53dfd69f0609a49f65461bd93001ea1ef889cd5529dd176593f5338a1"
dependencies = [
 "foldhash",
]

[[package]]
name = "indexmap"
version = "2.11.4"
source = "registry+https://github.com/rust-lang/crates.io-index"
checksum = "4b0f83760fb341a774ed326568e19f5a863af4a952def8c39f9ab92fd95b88e5"
dependencies = [
 "equivalent",
 "hashbrown",
 "serde",
 "serde_core",
]

[[package]]
name = "itertools"
version = "0.14.0"
source = "registry+https://github.com/rust-lang/crates.io-index"
checksum = "2b192c782037fadd9cfa75548310488aabdbf3d2da73885b31bd0abd03351285"
dependencies = [
 "either",
]

[[package]]
name = "itoa"
version = "1.0.15"
source = "registry+https://github.com/rust-lang/crates.io-index"
checksum = "4a5f13b858c8d314ee3e8f639011f7ccefe71f97f96e50151fb991f267928e2c"

[[package]]
name = "lazy_static"
version = "1.5.0"
source = "registry+https://github.com/rust-lang/crates.io-index"
checksum = "bbd2bcb4c963f2ddae06a2efc7e9f3591312473c50c6685e1f298068316e66fe"

[[package]]
name = "libc"
version = "0.2.176"
source = "registry+https://github.com/rust-lang/crates.io-index"
checksum = "58f929b4d672ea937a23a1ab494143d968337a5f47e56d0815df1e0890ddf174"

[[package]]
name = "libm"
version = "0.2.15"
source = "registry+https://github.com/rust-lang/crates.io-index"
checksum = "f9fbbcab51052fe104eb5e5d351cf728d30a5be1fe14d9be8a3b097481fb97de"

[[package]]
name = "malachite"
version = "0.6.1"
source = "registry+https://github.com/rust-lang/crates.io-index"
checksum = "ec410515e231332b14cd986a475d1c3323bcfa4c7efc038bfa1d5b410b1c57e4"
dependencies = [
 "malachite-base",
 "malachite-nz",
 "malachite-q",
]

[[package]]
name = "malachite-base"
version = "0.6.1"
source = "registry+https://github.com/rust-lang/crates.io-index"
checksum = "c738d3789301e957a8f7519318fcbb1b92bb95863b28f6938ae5a05be6259f34"
dependencies = [
 "hashbrown",
 "itertools",
 "libm",
 "ryu",
]

[[package]]
name = "malachite-nz"
version = "0.6.1"
source = "registry+https://github.com/rust-lang/crates.io-index"
checksum = "1707c9a1fa36ce21749b35972bfad17bbf34cf5a7c96897c0491da321e387d3b"
dependencies = [
 "itertools",
 "libm",
 "malachite-base",
 "wide",
]

[[package]]
name = "malachite-q"
version = "0.6.1"
source = "registry+https://github.com/rust-lang/crates.io-index"
checksum = "d764801aa4e96bbb69b389dcd03b50075345131cd63ca2e380bca71cc37a3675"
dependencies = [
 "itertools",
 "malachite-base",
 "malachite-nz",
]

[[package]]
name = "matrixmultiply"
version = "0.3.10"
source = "registry+https://github.com/rust-lang/crates.io-index"
checksum = "a06de3016e9fae57a36fd14dba131fccf49f74b40b7fbdb472f96e361ec71a08"
dependencies = [
 "autocfg",
 "rawpointer",
]

[[package]]
name = "memchr"
version = "2.7.5"
source = "registry+https://github.com/rust-lang/crates.io-index"
checksum = "32a282da65faaf38286cf3be983213fcf1d2e2a58700e808f83f4ea9a4804bc0"

[[package]]
name = "nalgebra"
version = "0.34.1"
source = "registry+https://github.com/rust-lang/crates.io-index"
checksum = "c4d5b3eff5cd580f93da45e64715e8c20a3996342f1e466599cf7a267a0c2f5f"
dependencies = [
 "approx",
 "glam 0.14.0",
 "glam 0.15.2",
 "glam 0.16.0",
 "glam 0.17.3",
 "glam 0.18.0",
 "glam 0.19.0",
 "glam 0.20.5",
 "glam 0.21.3",
 "glam 0.22.0",
 "glam 0.23.0",
 "glam 0.24.2",
 "glam 0.25.0",
 "glam 0.27.0",
 "glam 0.28.0",
 "glam 0.29.3",
 "glam 0.30.8",
 "matrixmultiply",
 "nalgebra-macros",
 "num-complex",
 "num-rational",
 "num-traits",
 "simba",
 "typenum",
]

[[package]]
name = "nalgebra-macros"
version = "0.3.0"
source = "registry+https://github.com/rust-lang/crates.io-index"
checksum = "973e7178a678cfd059ccec50887658d482ce16b0aa9da3888ddeab5cd5eb4889"
dependencies = [
 "proc-macro2",
 "quote",
 "syn",
]

[[package]]
name = "num"
version = "0.4.3"
source = "registry+https://github.com/rust-lang/crates.io-index"
checksum = "35bd024e8b2ff75562e5f34e7f4905839deb4b22955ef5e73d2fea1b9813cb23"
dependencies = [
 "num-bigint",
 "num-complex",
 "num-integer",
 "num-iter",
 "num-rational",
 "num-traits",
]

[[package]]
name = "num-bigint"
version = "0.4.6"
source = "registry+https://github.com/rust-lang/crates.io-index"
checksum = "a5e44f723f1133c9deac646763579fdb3ac745e418f2a7af9cd0c431da1f20b9"
dependencies = [
 "num-integer",
 "num-traits",
]

[[package]]
name = "num-complex"
version = "0.4.6"
source = "registry+https://github.com/rust-lang/crates.io-index"
checksum = "73f88a1307638156682bada9d7604135552957b7818057dcef22705b4d509495"
dependencies = [
 "num-traits",
]

[[package]]
name = "num-integer"
version = "0.1.46"
source = "registry+https://github.com/rust-lang/crates.io-index"
checksum = "7969661fd2958a5cb096e56c8e1ad0444ac2bbcd0061bd28660485a44879858f"
dependencies = [
 "num-traits",
]

[[package]]
name = "num-iter"
version = "0.1.45"
source = "registry+https://github.com/rust-lang/crates.io-index"
checksum = "1429034a0490724d0075ebb2bc9e875d6503c3cf69e235a8941aa757d83ef5bf"
dependencies = [
 "autocfg",
 "num-integer",
 "num-traits",
]

[[package]]
name = "num-modular"
version = "0.6.1"
source = "registry+https://github.com/rust-lang/crates.io-index"
checksum = "17bb261bf36fa7d83f4c294f834e91256769097b3cb505d44831e0a179ac647f"

[[package]]
name = "num-order"
version = "1.2.0"
source = "registry+https://github.com/rust-lang/crates.io-index"
checksum = "537b596b97c40fcf8056d153049eb22f481c17ebce72a513ec9286e4986d1bb6"
dependencies = [
 "num-modular",
]

[[package]]
name = "num-rational"
version = "0.4.2"
source = "registry+https://github.com/rust-lang/crates.io-index"
checksum = "f83d14da390562dca69fc84082e73e548e1ad308d24accdedd2720017cb37824"
dependencies = [
 "num-bigint",
 "num-integer",
 "num-traits",
]

[[package]]
name = "num-traits"
version = "0.2.19"
source = "registry+https://github.com/rust-lang/crates.io-index"
checksum = "071dfc062690e90b734c0b2273ce72ad0ffa95f0c74596bc250dcfd960262841"
dependencies = [
 "autocfg",
]

[[package]]
name = "ori_fold"
version = "0.1.0"
dependencies = [
 "approx",
 "derive_more",
 "exact_number",
 "getset",
 "indexmap",
 "nalgebra",
 "num-traits",
 "petgraph",
 "robust_geometry",
 "serde",
 "serde_json",
 "serde_repr",
 "typed-index-collections",
 "vf2",
]

[[package]]
name = "paste"
version = "1.0.15"
source = "registry+https://github.com/rust-lang/crates.io-index"
checksum = "57c0d7b74b563b49d38dae00a0c37d4d6de9b432382b2892f0574ddcae73fd0a"

[[package]]
name = "peg"
version = "0.8.5"
source = "registry+https://github.com/rust-lang/crates.io-index"
checksum = "9928cfca101b36ec5163e70049ee5368a8a1c3c6efc9ca9c5f9cc2f816152477"
dependencies = [
 "peg-macros",
 "peg-runtime",
]

[[package]]
name = "peg-macros"
version = "0.8.5"
source = "registry+https://github.com/rust-lang/crates.io-index"
checksum = "6298ab04c202fa5b5d52ba03269fb7b74550b150323038878fe6c372d8280f71"
dependencies = [
 "peg-runtime",
 "proc-macro2",
 "quote",
]

[[package]]
name = "peg-runtime"
version = "0.8.5"
source = "registry+https://github.com/rust-lang/crates.io-index"
checksum = "132dca9b868d927b35b5dd728167b2dee150eb1ad686008fc71ccb298b776fca"

[[package]]
name = "petgraph"
version = "0.6.5"
source = "registry+https://github.com/rust-lang/crates.io-index"
checksum = "b4c5cc86750666a3ed20bdaf5ca2a0344f9c67674cae0515bec2da16fbaa47db"
dependencies = [
 "fixedbitset",
 "indexmap",
]

[[package]]
name = "ppv-lite86"
version = "0.2.21"
source = "registry+https://github.com/rust-lang/crates.io-index"
checksum = "85eae3c4ed2f50dcfe72643da4befc30deadb458a9b590d720cde2f2b1e97da9"
dependencies = [
 "zerocopy",
]

[[package]]
name = "proc-macro-error-attr2"
version = "2.0.0"
source = "registry+https://github.com/rust-lang/crates.io-index"
checksum = "96de42df36bb9bba5542fe9f1a054b8cc87e172759a1868aa05c1f3acc89dfc5"
dependencies = [
 "proc-macro2",
 "quote",
]

[[package]]
name = "proc-macro-error2"
version = "2.0.1"
source = "registry+https://github.com/rust-lang/crates.io-index"
checksum = "11ec05c52be0a07b08061f7dd003e7d7092e0472bc731b4af7bb1ef876109802"
dependencies = [
 "proc-macro-error-attr2",
 "proc-macro2",
 "quote",
 "syn",
]

[[package]]
name = "proc-macro2"
version = "1.0.101"
source = "registry+https://github.com/rust-lang/crates.io-index"
checksum = "89ae43fd86e4158d6db51ad8e2b80f313af9cc74f5c0e03ccb87de09998732de"
dependencies = [
 "unicode-ident",
]

[[package]]
name = "quote"
version = "1.0.40"
source = "registry+https://github.com/rust-lang/crates.io-index"
checksum = "1885c039570dc00dcb4ff087a89e185fd56bae234ddc7f056a945bf36467248d"
dependencies = [
 "proc-macro2",
]

[[package]]
name = "rand"
version = "0.8.5"
source = "registry+https://github.com/rust-lang/crates.io-index"
checksum = "34af8d1a0e25924bc5b7c43c079c942339d8f0a8b57c39049bef581b46327404"
dependencies = [
 "libc",
 "rand_chacha",
 "rand_core",
]

[[package]]
name = "rand_chacha"
version = "0.3.1"
source = "registry+https://github.com/rust-lang/crates.io-index"
checksum = "e6c10a63a0fa32252be49d21e7709d4d4baf8d231c2dbce1eaa8141b9b127d88"
dependencies = [
 "ppv-lite86",
 "rand_core",
]

[[package]]
name = "rand_core"
version = "0.6.4"
source = "registry+https://github.com/rust-lang/crates.io-index"
checksum = "ec0be4795e2f6a28069bec0b5ff3e2ac9bafc99e6a9a7dc3547996c5c816922c"
dependencies = [
 "getrandom",
]

[[package]]
name = "rand_pcg"
version = "0.3.1"
source = "registry+https://github.com/rust-lang/crates.io-index"
checksum = "59cad018caf63deb318e5a4586d99a24424a364f40f1e5778c29aca23f4fc73e"
dependencies = [
 "rand_core",
]

[[package]]
name = "rawpointer"
version = "0.2.1"
source = "registry+https://github.com/rust-lang/crates.io-index"
checksum = "60a357793950651c4ed0f3f52338f53b2f809f32d83a07f72909fa13e4c6c1e3"

[[package]]
name = "robust_geometry"
version = "0.1.0"
dependencies = [
 "generic-array",
 "nalgebra",
 "paste",
 "typenum",
]

[[package]]
name = "rustversion"
version = "1.0.22"
source = "registry+https://github.com/rust-lang/crates.io-index"
checksum = "b39cdef0fa800fc44525c84ccb54a029961a8215f9619753635a9c0d2538d46d"

[[package]]
name = "ryu"
version = "1.0.20"
source = "registry+https://github.com/rust-lang/crates.io-index"
checksum = "28d3b2b1366ec20994f1fd18c3c594f05c5dd4bc44d8bb0c1c632c8d6829481f"

[[package]]
name = "safe_arch"
version = "0.7.4"
source = "registry+https://github.com/rust-lang/crates.io-index"
checksum = "96b02de82ddbe1b636e6170c21be622223aea188ef2e139be0a5b219ec215323"
dependencies = [
 "bytemuck",
]

[[package]]
name = "serde"
version = "1.0.226"
source = "registry+https://github.com/rust-lang/crates.io-index"
checksum = "0dca6411025b24b60bfa7ec1fe1f8e710ac09782dca409ee8237ba74b51295fd"
dependencies = [
 "serde_core",
 "serde_derive",
]

[[package]]
name = "serde_core"
version = "1.0.226"
source = "registry+https://github.com/rust-lang/crates.io-index"
checksum = "ba2ba63999edb9dac981fb34b3e5c0d111a69b0924e253ed29d83f7c99e966a4"
dependencies = [
 "serde_derive",
]

[[package]]
name = "serde_derive"
version = "1.0.226"
source = "registry+https://github.com/rust-lang/crates.io-index"
checksum = "8db53ae22f34573731bafa1db20f04027b2d25e02d8205921b569171699cdb33"
dependencies = [
 "proc-macro2",
 "quote",
 "syn",
]

[[package]]
name = "serde_json"
version = "1.0.145"
source = "registry+https://github.com/rust-lang/crates.io-index"
checksum = "402a6f66d8c709116cf22f558eab210f5a50187f702eb4d7e5ef38d9a7f1c79c"
dependencies = [
 "indexmap",
 "itoa",
 "memchr",
 "ryu",
 "serde",
 "serde_core",
]

[[package]]
name = "serde_repr"
version = "0.1.20"
source = "registry+https://github.com/rust-lang/crates.io-index"
checksum = "175ee3e80ae9982737ca543e96133087cbd9a485eecc3bc4de9c1a37b47ea59c"
dependencies = [
 "proc-macro2",
 "quote",
 "syn",
]

[[package]]
name = "simba"
version = "0.9.1"
source = "registry+https://github.com/rust-lang/crates.io-index"
checksum = "c99284beb21666094ba2b75bbceda012e610f5479dfcc2d6e2426f53197ffd95"
dependencies = [
 "approx",
 "num-complex",
 "num-traits",
 "paste",
 "wide",
]

[[package]]
name = "static_assertions"
version = "1.1.0"
source = "registry+https://github.com/rust-lang/crates.io-index"
checksum = "a2eb9349b6444b326872e140eb1cf5e7c522154d69e7a0ffb0fb81c06b37543f"

[[package]]
name = "syn"
version = "2.0.106"
source = "registry+https://github.com/rust-lang/crates.io-index"
checksum = "ede7c438028d4436d71104916910f5bb611972c5cfd7f89b8300a8186e6fada6"
dependencies = [
 "proc-macro2",
 "quote",
 "unicode-ident",
]

[[package]]
name = "typed-index-collections"
version = "3.3.0"
source = "registry+https://github.com/rust-lang/crates.io-index"
checksum = "3fd393dbd1e7b23e0cab7396570309b4068aa504e9dac2cd41d827583b4e9ab7"
dependencies = [
 "bincode",
 "serde",
]

[[package]]
name = "typenum"
version = "1.19.0"
source = "registry+https://github.com/rust-lang/crates.io-index"
checksum = "562d481066bde0658276a35467c4af00bdc6ee726305698a55b86e61d7ad82bb"

[[package]]
name = "unicode-ident"
version = "1.0.19"
source = "registry+https://github.com/rust-lang/crates.io-index"
checksum = "f63a545481291138910575129486daeaf8ac54aee4387fe7906919f7830c7d9d"

[[package]]
name = "unty"
version = "0.0.4"
source = "registry+https://github.com/rust-lang/crates.io-index"
checksum = "6d49784317cd0d1ee7ec5c716dd598ec5b4483ea832a2dced265471cc0f690ae"

[[package]]
name = "vf2"
version = "1.0.1"
source = "registry+https://github.com/rust-lang/crates.io-index"
checksum = "4bcf7d8381208a82de75cbd253a7a18586792d745641ff3b76e3319a8b0b78c7"
dependencies = [
 "petgraph",
]

[[package]]
name = "wasi"
version = "0.11.1+wasi-snapshot-preview1"
source = "registry+https://github.com/rust-lang/crates.io-index"
checksum = "ccf3ec651a847eb01de73ccad15eb7d99f80485de043efb2f370cd654f4ea44b"

[[package]]
name = "wide"
version = "0.7.33"
source = "registry+https://github.com/rust-lang/crates.io-index"
checksum = "0ce5da8ecb62bcd8ec8b7ea19f69a51275e91299be594ea5cc6ef7819e16cd03"
dependencies = [
 "bytemuck",
 "safe_arch",
]

[[package]]
name = "zerocopy"
version = "0.8.27"
source = "registry+https://github.com/rust-lang/crates.io-index"
checksum = "0894878a5fa3edfd6da3f88c4805f4c8558e2b996227a3d864f47fe11e38282c"
dependencies = [
 "zerocopy-derive",
]

[[package]]
name = "zerocopy-derive"
version = "0.8.27"
source = "registry+https://github.com/rust-lang/crates.io-index"
checksum = "88d2b8d9c68ad2b9e4340d7832716a4d21a22a1154777ad56ea55c51a9cf3831"
dependencies = [
 "proc-macro2",
 "quote",
 "syn",
]
